
Microsoft Visual Studio Solution File, Format Version 12.00
# Visual Studio Version 16
VisualStudioVersion = 16.0.28729.10
MinimumVisualStudioVersion = 10.0.40219.1
Project("{8BC9CEB8-8B4A-11D0-8D11-00A0C91BC942}") = "GrafkomG-SA2020-Tugas2", "GrafkomG-SA2020-Tugas2.vcxproj", "{F874D4C9-F3F9-45DA-91A9-7A4D22217DF8}"
EndProject
Global
	GlobalSection(SolutionConfigurationPlatforms) = preSolution
		Debug|x64 = Debug|x64
		Debug|x86 = Debug|x86
		Release|x64 = Release|x64
		Release|x86 = Release|x86
	EndGlobalSection
	GlobalSection(ProjectConfigurationPlatforms) = postSolution
		{F874D4C9-F3F9-45DA-91A9-7A4D22217DF8}.Debug|x64.ActiveCfg = Debug|x64
		{F874D4C9-F3F9-45DA-91A9-7A4D22217DF8}.Debug|x64.Build.0 = Debug|x64
		{F874D4C9-F3F9-45DA-91A9-7A4D22217DF8}.Debug|x86.ActiveCfg = Debug|Win32
		{F874D4C9-F3F9-45DA-91A9-7A4D22217DF8}.Debug|x86.Build.0 = Debug|Win32
		{F874D4C9-F3F9-45DA-91A9-7A4D22217DF8}.Release|x64.ActiveCfg = Release|x64
		{F874D4C9-F3F9-45DA-91A9-7A4D22217DF8}.Release|x64.Build.0 = Release|x64
		{F874D4C9-F3F9-45DA-91A9-7A4D22217DF8}.Release|x86.ActiveCfg = Release|Win32
		{F874D4C9-F3F9-45DA-91A9-7A4D22217DF8}.Release|x86.Build.0 = Release|Win32
	EndGlobalSection
	GlobalSection(SolutionProperties) = preSolution
		HideSolutionNode = FALSE
	EndGlobalSection
	GlobalSection(ExtensibilityGlobals) = postSolution
		SolutionGuid = {55BD166C-37D5-4B22-B9D8-99409CA32FC3}
	EndGlobalSection
EndGlobal
